
Microsoft Visual Studio Solution File, Format Version 12.00
# Visual Studio 14
VisualStudioVersion = 14.0.25420.1
MinimumVisualStudioVersion = 10.0.40219.1
Project("{8BC9CEB8-8B4A-11D0-8D11-00A0C91BC942}") = "version", "src\version\version.vcxproj", "{A74855D9-1B0B-4913-87F8-2B7F22F0ECE1}"
EndProject
Project("{FAE04EC0-301F-11D3-BF4B-00C04F79EFBC}") = "builduapi", "src\builduapi\builduapi.csproj", "{12AF1141-0E56-4905-A006-19108CEC5ED7}"
	ProjectSection(ProjectDependencies) = postProject
		{A74855D9-1B0B-4913-87F8-2B7F22F0ECE1} = {A74855D9-1B0B-4913-87F8-2B7F22F0ECE1}
	EndProjectSection
EndProject
Project("{8BC9CEB8-8B4A-11D0-8D11-00A0C91BC942}") = "uapi", "src\uapi\uapi.vcxproj", "{3741682C-359F-4683-A0C6-37326A9F44BA}"
	ProjectSection(ProjectDependencies) = postProject
		{12AF1141-0E56-4905-A006-19108CEC5ED7} = {12AF1141-0E56-4905-A006-19108CEC5ED7}
	EndProjectSection
EndProject
Project("{8BC9CEB8-8B4A-11D0-8D11-00A0C91BC942}") = "syscalls", "src\syscalls\syscalls.vcxproj", "{770A2F2C-68CE-4BD4-9F0A-3901D11C3B59}"
	ProjectSection(ProjectDependencies) = postProject
		{3741682C-359F-4683-A0C6-37326A9F44BA} = {3741682C-359F-4683-A0C6-37326A9F44BA}
	EndProjectSection
EndProject
Project("{8BC9CEB8-8B4A-11D0-8D11-00A0C91BC942}") = "messages", "src\messages\messages.vcxproj", "{1CE1CA90-2F0D-449F-B33A-5E0452DFE658}"
	ProjectSection(ProjectDependencies) = postProject
		{A74855D9-1B0B-4913-87F8-2B7F22F0ECE1} = {A74855D9-1B0B-4913-87F8-2B7F22F0ECE1}
	EndProjectSection
EndProject
Project("{8BC9CEB8-8B4A-11D0-8D11-00A0C91BC942}") = "host.x86", "src\host.x86\host.x86.vcxproj", "{F9B62EE4-37FC-4B01-B510-A6357681AC81}"
	ProjectSection(ProjectDependencies) = postProject
		{770A2F2C-68CE-4BD4-9F0A-3901D11C3B59} = {770A2F2C-68CE-4BD4-9F0A-3901D11C3B59}
		{3741682C-359F-4683-A0C6-37326A9F44BA} = {3741682C-359F-4683-A0C6-37326A9F44BA}
		{1CE1CA90-2F0D-449F-B33A-5E0452DFE658} = {1CE1CA90-2F0D-449F-B33A-5E0452DFE658}
		{A74855D9-1B0B-4913-87F8-2B7F22F0ECE1} = {A74855D9-1B0B-4913-87F8-2B7F22F0ECE1}
	EndProjectSection
EndProject
Project("{8BC9CEB8-8B4A-11D0-8D11-00A0C91BC942}") = "host.x64", "src\host.x64\host.x64.vcxproj", "{187E6B70-91C2-40B7-A327-F23376FB70C1}"
	ProjectSection(ProjectDependencies) = postProject
		{770A2F2C-68CE-4BD4-9F0A-3901D11C3B59} = {770A2F2C-68CE-4BD4-9F0A-3901D11C3B59}
		{3741682C-359F-4683-A0C6-37326A9F44BA} = {3741682C-359F-4683-A0C6-37326A9F44BA}
		{1CE1CA90-2F0D-449F-B33A-5E0452DFE658} = {1CE1CA90-2F0D-449F-B33A-5E0452DFE658}
		{A74855D9-1B0B-4913-87F8-2B7F22F0ECE1} = {A74855D9-1B0B-4913-87F8-2B7F22F0ECE1}
	EndProjectSection
EndProject
Project("{8BC9CEB8-8B4A-11D0-8D11-00A0C91BC942}") = "host.x32", "src\host.x32\host.x32.vcxproj", "{FCE8E326-97C8-4809-A13F-334982BA4777}"
	ProjectSection(ProjectDependencies) = postProject
		{770A2F2C-68CE-4BD4-9F0A-3901D11C3B59} = {770A2F2C-68CE-4BD4-9F0A-3901D11C3B59}
		{3741682C-359F-4683-A0C6-37326A9F44BA} = {3741682C-359F-4683-A0C6-37326A9F44BA}
		{1CE1CA90-2F0D-449F-B33A-5E0452DFE658} = {1CE1CA90-2F0D-449F-B33A-5E0452DFE658}
		{A74855D9-1B0B-4913-87F8-2B7F22F0ECE1} = {A74855D9-1B0B-4913-87F8-2B7F22F0ECE1}
	EndProjectSection
EndProject
Project("{8BC9CEB8-8B4A-11D0-8D11-00A0C91BC942}") = "instance", "src\instance\instance.vcxproj", "{B2927D54-91DC-4EF9-AE27-92193AB5718C}"
	ProjectSection(ProjectDependencies) = postProject
		{770A2F2C-68CE-4BD4-9F0A-3901D11C3B59} = {770A2F2C-68CE-4BD4-9F0A-3901D11C3B59}
		{1CE1CA90-2F0D-449F-B33A-5E0452DFE658} = {1CE1CA90-2F0D-449F-B33A-5E0452DFE658}
		{A74855D9-1B0B-4913-87F8-2B7F22F0ECE1} = {A74855D9-1B0B-4913-87F8-2B7F22F0ECE1}
	EndProjectSection
EndProject
Project("{2150E333-8FDC-42A3-9474-1A3956D46DE8}") = "Solution Items", "Solution Items", "{AD607929-39E0-483A-A07F-37039F88F9B8}"
	ProjectSection(SolutionItems) = preProject
		vm-linux.msbuild = vm-linux.msbuild
	EndProjectSection
EndProject
Global
	GlobalSection(SolutionConfigurationPlatforms) = preSolution
		Debug|Win32 = Debug|Win32
		Debug|x64 = Debug|x64
		Release|Win32 = Release|Win32
		Release|x64 = Release|x64
	EndGlobalSection
	GlobalSection(ProjectConfigurationPlatforms) = postSolution
		{A74855D9-1B0B-4913-87F8-2B7F22F0ECE1}.Debug|Win32.ActiveCfg = Debug|Win32
		{A74855D9-1B0B-4913-87F8-2B7F22F0ECE1}.Debug|Win32.Build.0 = Debug|Win32
		{A74855D9-1B0B-4913-87F8-2B7F22F0ECE1}.Debug|x64.ActiveCfg = Debug|x64
		{A74855D9-1B0B-4913-87F8-2B7F22F0ECE1}.Debug|x64.Build.0 = Debug|x64
		{A74855D9-1B0B-4913-87F8-2B7F22F0ECE1}.Release|Win32.ActiveCfg = Release|Win32
		{A74855D9-1B0B-4913-87F8-2B7F22F0ECE1}.Release|Win32.Build.0 = Release|Win32
		{A74855D9-1B0B-4913-87F8-2B7F22F0ECE1}.Release|x64.ActiveCfg = Release|x64
		{A74855D9-1B0B-4913-87F8-2B7F22F0ECE1}.Release|x64.Build.0 = Release|x64
		{12AF1141-0E56-4905-A006-19108CEC5ED7}.Debug|Win32.ActiveCfg = Debug|x86
		{12AF1141-0E56-4905-A006-19108CEC5ED7}.Debug|Win32.Build.0 = Debug|x86
		{12AF1141-0E56-4905-A006-19108CEC5ED7}.Debug|x64.ActiveCfg = Debug|x64
		{12AF1141-0E56-4905-A006-19108CEC5ED7}.Debug|x64.Build.0 = Debug|x64
		{12AF1141-0E56-4905-A006-19108CEC5ED7}.Release|Win32.ActiveCfg = Release|x86
		{12AF1141-0E56-4905-A006-19108CEC5ED7}.Release|Win32.Build.0 = Release|x86
		{12AF1141-0E56-4905-A006-19108CEC5ED7}.Release|x64.ActiveCfg = Release|x64
		{12AF1141-0E56-4905-A006-19108CEC5ED7}.Release|x64.Build.0 = Release|x64
		{3741682C-359F-4683-A0C6-37326A9F44BA}.Debug|Win32.ActiveCfg = Debug|Win32
		{3741682C-359F-4683-A0C6-37326A9F44BA}.Debug|Win32.Build.0 = Debug|Win32
		{3741682C-359F-4683-A0C6-37326A9F44BA}.Debug|x64.ActiveCfg = Debug|x64
		{3741682C-359F-4683-A0C6-37326A9F44BA}.Debug|x64.Build.0 = Debug|x64
		{3741682C-359F-4683-A0C6-37326A9F44BA}.Release|Win32.ActiveCfg = Release|Win32
		{3741682C-359F-4683-A0C6-37326A9F44BA}.Release|Win32.Build.0 = Release|Win32
		{3741682C-359F-4683-A0C6-37326A9F44BA}.Release|x64.ActiveCfg = Release|x64
		{3741682C-359F-4683-A0C6-37326A9F44BA}.Release|x64.Build.0 = Release|x64
		{770A2F2C-68CE-4BD4-9F0A-3901D11C3B59}.Debug|Win32.ActiveCfg = Debug|Win32
		{770A2F2C-68CE-4BD4-9F0A-3901D11C3B59}.Debug|Win32.Build.0 = Debug|Win32
		{770A2F2C-68CE-4BD4-9F0A-3901D11C3B59}.Debug|x64.ActiveCfg = Debug|x64
		{770A2F2C-68CE-4BD4-9F0A-3901D11C3B59}.Debug|x64.Build.0 = Debug|x64
		{770A2F2C-68CE-4BD4-9F0A-3901D11C3B59}.Release|Win32.ActiveCfg = Release|Win32
		{770A2F2C-68CE-4BD4-9F0A-3901D11C3B59}.Release|Win32.Build.0 = Release|Win32
		{770A2F2C-68CE-4BD4-9F0A-3901D11C3B59}.Release|x64.ActiveCfg = Release|x64
		{770A2F2C-68CE-4BD4-9F0A-3901D11C3B59}.Release|x64.Build.0 = Release|x64
		{1CE1CA90-2F0D-449F-B33A-5E0452DFE658}.Debug|Win32.ActiveCfg = Debug|Win32
		{1CE1CA90-2F0D-449F-B33A-5E0452DFE658}.Debug|Win32.Build.0 = Debug|Win32
		{1CE1CA90-2F0D-449F-B33A-5E0452DFE658}.Debug|x64.ActiveCfg = Debug|x64
		{1CE1CA90-2F0D-449F-B33A-5E0452DFE658}.Debug|x64.Build.0 = Debug|x64
		{1CE1CA90-2F0D-449F-B33A-5E0452DFE658}.Release|Win32.ActiveCfg = Release|Win32
		{1CE1CA90-2F0D-449F-B33A-5E0452DFE658}.Release|Win32.Build.0 = Release|Win32
		{1CE1CA90-2F0D-449F-B33A-5E0452DFE658}.Release|x64.ActiveCfg = Release|x64
		{1CE1CA90-2F0D-449F-B33A-5E0452DFE658}.Release|x64.Build.0 = Release|x64
		{F9B62EE4-37FC-4B01-B510-A6357681AC81}.Debug|Win32.ActiveCfg = Debug|Win32
		{F9B62EE4-37FC-4B01-B510-A6357681AC81}.Debug|Win32.Build.0 = Debug|Win32
		{F9B62EE4-37FC-4B01-B510-A6357681AC81}.Debug|x64.ActiveCfg = Debug|x64
		{F9B62EE4-37FC-4B01-B510-A6357681AC81}.Debug|x64.Build.0 = Debug|x64
		{F9B62EE4-37FC-4B01-B510-A6357681AC81}.Release|Win32.ActiveCfg = Release|Win32
		{F9B62EE4-37FC-4B01-B510-A6357681AC81}.Release|Win32.Build.0 = Release|Win32
		{F9B62EE4-37FC-4B01-B510-A6357681AC81}.Release|x64.ActiveCfg = Release|x64
		{F9B62EE4-37FC-4B01-B510-A6357681AC81}.Release|x64.Build.0 = Release|x64
		{187E6B70-91C2-40B7-A327-F23376FB70C1}.Debug|Win32.ActiveCfg = Debug|Win32
		{187E6B70-91C2-40B7-A327-F23376FB70C1}.Debug|x64.ActiveCfg = Debug|x64
		{187E6B70-91C2-40B7-A327-F23376FB70C1}.Debug|x64.Build.0 = Debug|x64
		{187E6B70-91C2-40B7-A327-F23376FB70C1}.Release|Win32.ActiveCfg = Release|Win32
		{187E6B70-91C2-40B7-A327-F23376FB70C1}.Release|x64.ActiveCfg = Release|x64
		{187E6B70-91C2-40B7-A327-F23376FB70C1}.Release|x64.Build.0 = Release|x64
		{FCE8E326-97C8-4809-A13F-334982BA4777}.Debug|Win32.ActiveCfg = Debug|Win32
		{FCE8E326-97C8-4809-A13F-334982BA4777}.Debug|x64.ActiveCfg = Debug|x64
		{FCE8E326-97C8-4809-A13F-334982BA4777}.Debug|x64.Build.0 = Debug|x64
		{FCE8E326-97C8-4809-A13F-334982BA4777}.Release|Win32.ActiveCfg = Release|Win32
		{FCE8E326-97C8-4809-A13F-334982BA4777}.Release|x64.ActiveCfg = Release|x64
		{FCE8E326-97C8-4809-A13F-334982BA4777}.Release|x64.Build.0 = Release|x64
		{B2927D54-91DC-4EF9-AE27-92193AB5718C}.Debug|Win32.ActiveCfg = Debug|Win32
		{B2927D54-91DC-4EF9-AE27-92193AB5718C}.Debug|Win32.Build.0 = Debug|Win32
		{B2927D54-91DC-4EF9-AE27-92193AB5718C}.Debug|x64.ActiveCfg = Debug|x64
		{B2927D54-91DC-4EF9-AE27-92193AB5718C}.Debug|x64.Build.0 = Debug|x64
		{B2927D54-91DC-4EF9-AE27-92193AB5718C}.Release|Win32.ActiveCfg = Release|Win32
		{B2927D54-91DC-4EF9-AE27-92193AB5718C}.Release|Win32.Build.0 = Release|Win32
		{B2927D54-91DC-4EF9-AE27-92193AB5718C}.Release|x64.ActiveCfg = Release|x64
		{B2927D54-91DC-4EF9-AE27-92193AB5718C}.Release|x64.Build.0 = Release|x64
	EndGlobalSection
	GlobalSection(SolutionProperties) = preSolution
		HideSolutionNode = FALSE
	EndGlobalSection
EndGlobal
